
Microsoft Visual Studio Solution File, Format Version 12.00
# Visual Studio Version 16
VisualStudioVersion = 16.0.30225.117
MinimumVisualStudioVersion = 10.0.40219.1
Project("{FAE04EC0-301F-11D3-BF4B-00C04F79EFBC}") = "packingNotification", "packingNotification\packingNotification.csproj", "{10E8ECBD-531E-42BC-99C9-3E8DFF036927}"
EndProject
Global
	GlobalSection(SolutionConfigurationPlatforms) = preSolution
		Debug|Any CPU = Debug|Any CPU
		Release|Any CPU = Release|Any CPU
	EndGlobalSection
	GlobalSection(ProjectConfigurationPlatforms) = postSolution
		{10E8ECBD-531E-42BC-99C9-3E8DFF036927}.Debug|Any CPU.ActiveCfg = Debug|Any CPU
		{10E8ECBD-531E-42BC-99C9-3E8DFF036927}.Debug|Any CPU.Build.0 = Debug|Any CPU
		{10E8ECBD-531E-42BC-99C9-3E8DFF036927}.Release|Any CPU.ActiveCfg = Release|Any CPU
		{10E8ECBD-531E-42BC-99C9-3E8DFF036927}.Release|Any CPU.Build.0 = Release|Any CPU
	EndGlobalSection
	GlobalSection(SolutionProperties) = preSolution
		HideSolutionNode = FALSE
	EndGlobalSection
	GlobalSection(ExtensibilityGlobals) = postSolution
		SolutionGuid = {03E08279-FE92-4ED4-A195-80EAE28EA419}
	EndGlobalSection
EndGlobal
